{
  "nodes": {
    "flake-compat": {
      "flake": false,
      "locked": {
        "lastModified": 1673956053,
        "narHash": "sha256-4gtG9iQuiKITOjNQQeQIpoIB6b16fm+504Ch3sNKLd8=",
        "owner": "edolstra",
        "repo": "flake-compat",
        "rev": "35bb57c0c8d8b62bbfd284272c928ceb64ddbde9",
        "type": "github"
      },
      "original": {
        "owner": "edolstra",
        "repo": "flake-compat",
        "type": "github"
      }
    },
    "flake-utils": {
      "locked": {
        "lastModified": 1667395993,
        "narHash": "sha256-nuEHfE/LcWyuSWnS8t12N1wc105Qtau+/OdUAjtQ0rA=",
        "owner": "numtide",
        "repo": "flake-utils",
        "rev": "5aed5285a952e0b949eb3ba02c12fa4fcfef535f",
        "type": "github"
      },
      "original": {
        "owner": "numtide",
        "repo": "flake-utils",
        "type": "github"
      }
    },
    "home-manager": {
      "inputs": {
        "nixpkgs": [
          "nixpkgs"
        ],
        "utils": "utils"
      },
      "locked": {
        "lastModified": 1676257154,
        "narHash": "sha256-eW3jymNLpdxS5fkp9NWKyNtgL0Gqtgg1vCTofKXDF1g=",
        "owner": "nix-community",
        "repo": "home-manager",
        "rev": "2cb27c79117a2a75ff3416c3199a2dc57af6a527",
        "type": "github"
      },
      "original": {
        "owner": "nix-community",
        "ref": "release-22.11",
        "repo": "home-manager",
        "type": "github"
      }
    },
    "neovim-flake": {
      "inputs": {
        "flake-utils": "flake-utils",
        "nixpkgs": [
          "neovim-nightly-overlay",
          "nixpkgs"
        ]
      },
      "locked": {
        "dir": "contrib",
        "lastModified": 1677225707,
        "narHash": "sha256-V+8RDil3L1SK1D5KFdVxvFmIRZkKvc8GhmJywx9K0io=",
        "owner": "neovim",
        "repo": "neovim",
        "rev": "306e67358377cd17bb20104ec4f8d27619937ad6",
        "type": "github"
      },
      "original": {
        "dir": "contrib",
        "owner": "neovim",
        "repo": "neovim",
        "type": "github"
      }
    },
    "neovim-nightly-overlay": {
      "inputs": {
        "flake-compat": "flake-compat",
        "neovim-flake": "neovim-flake",
        "nixpkgs": "nixpkgs"
      },
      "locked": {
        "lastModified": 1677226520,
        "narHash": "sha256-27N8sBU+6osBNK56pY6bJEt9nb/tM48w8bWpW9BoUZg=",
        "owner": "nix-community",
        "repo": "neovim-nightly-overlay",
        "rev": "e629f6741755e5c8c28f6335c592b7849649792c",
        "type": "github"
      },
      "original": {
        "owner": "nix-community",
        "repo": "neovim-nightly-overlay",
        "type": "github"
      }
    },
    "nixpkgs": {
      "locked": {
        "lastModified": 1677142198,
        "narHash": "sha256-Y/uC2ZmkQkyrdRZ5szZilhZ/46786Wio5CGTgL+Vb/c=",
        "owner": "nixos",
        "repo": "nixpkgs",
        "rev": "03fb72201639e5274fee6d77b0d9c66e98329aba",
        "type": "github"
      },
      "original": {
        "owner": "nixos",
        "ref": "nixpkgs-unstable",
        "repo": "nixpkgs",
        "type": "github"
      }
    },
    "nixpkgs-unstable": {
      "locked": {
        "lastModified": 1677229269,
        "narHash": "sha256-awE2w6oi9rzQ8qj1lwKEDm6qIA0a239fiB+AyPjXR2w=",
        "owner": "nixos",
        "repo": "nixpkgs",
        "rev": "7d0ed7f2e5aea07ab22ccb338d27fbe347ed2f11",
        "type": "github"
      },
      "original": {
        "owner": "nixos",
        "ref": "nixpkgs-unstable",
        "repo": "nixpkgs",
        "type": "github"
      }
    },
    "nixpkgs_2": {
      "locked": {
        "lastModified": 1677249740,
        "narHash": "sha256-1Pt/IeBLGAfr5KNankKociYxF6eIo6KfMOQLCY+CBjE=",
        "owner": "nixos",
        "repo": "nixpkgs",
        "rev": "38f87b67bc320feeedeeb4e6912a3905f176b9ab",
        "type": "github"
      },
      "original": {
        "owner": "nixos",
        "ref": "release-22.11",
        "repo": "nixpkgs",
        "type": "github"
      }
    },
    "root": {
      "inputs": {
        "home-manager": "home-manager",
        "neovim-nightly-overlay": "neovim-nightly-overlay",
        "nixpkgs": "nixpkgs_2",
        "nixpkgs-unstable": "nixpkgs-unstable"
      }
    },
    "utils": {
      "locked": {
        "lastModified": 1667395993,
        "narHash": "sha256-nuEHfE/LcWyuSWnS8t12N1wc105Qtau+/OdUAjtQ0rA=",
        "owner": "numtide",
        "repo": "flake-utils",
        "rev": "5aed5285a952e0b949eb3ba02c12fa4fcfef535f",
        "type": "github"
      },
      "original": {
        "owner": "numtide",
        "repo": "flake-utils",
        "type": "github"
      }
    }
  },
  "root": "root",
  "version": 7
}
